
Microsoft Visual Studio Solution File, Format Version 12.00
# Visual Studio Version 17
VisualStudioVersion = 17.5.33516.290
MinimumVisualStudioVersion = 10.0.40219.1
Project("{FAE04EC0-301F-11D3-BF4B-00C04F79EFBC}") = "DZ_CS_6", "DZ_CS_6.csproj", "{EFB3321A-398D-4CAF-BF4B-AEBEE770CA41}"
EndProject
Global
	GlobalSection(SolutionConfigurationPlatforms) = preSolution
		Debug|Any CPU = Debug|Any CPU
		Release|Any CPU = Release|Any CPU
	EndGlobalSection
	GlobalSection(ProjectConfigurationPlatforms) = postSolution
		{EFB3321A-398D-4CAF-BF4B-AEBEE770CA41}.Debug|Any CPU.ActiveCfg = Debug|Any CPU
		{EFB3321A-398D-4CAF-BF4B-AEBEE770CA41}.Debug|Any CPU.Build.0 = Debug|Any CPU
		{EFB3321A-398D-4CAF-BF4B-AEBEE770CA41}.Release|Any CPU.ActiveCfg = Release|Any CPU
		{EFB3321A-398D-4CAF-BF4B-AEBEE770CA41}.Release|Any CPU.Build.0 = Release|Any CPU
	EndGlobalSection
	GlobalSection(SolutionProperties) = preSolution
		HideSolutionNode = FALSE
	EndGlobalSection
	GlobalSection(ExtensibilityGlobals) = postSolution
		SolutionGuid = {884B0079-5C6F-4AC3-83CF-040FF8C46BC6}
	EndGlobalSection
EndGlobal
